{
    "dragonmantank/cron-expression": {
        "version": "v2.3.0"
    },
    "paragonie/random_compat": {
        "version": "v9.99.99"
    },
    "phpoption/phpoption": {
        "version": "1.5.0"
    },
    "ramsey/uuid": {
        "version": "3.8.0"
    },
    "symfony/flex": {
        "version": "1.0",
        "recipe": {
            "repo": "github.com/symfony/recipes",
            "branch": "master",
            "version": "1.0",
            "ref": "dc3fc2e0334a4137c47cfd5a3ececc601fa61a0b"
        },
        "files": [
            ".env"
        ]
    },
    "vlucas/phpdotenv": {
        "version": "v3.6.0"
    }
}
